
Microsoft Visual Studio Solution File, Format Version 12.00
# Visual Studio Version 16
VisualStudioVersion = 16.0.30011.22
MinimumVisualStudioVersion = 10.0.40219.1
Project("{8BC9CEB8-8B4A-11D0-8D11-00A0C91BC942}") = "mou-filter", "mou-filter\mou-filter.vcxproj", "{D5A4F7C5-E318-4188-9611-90F0CFC4A1CF}"
EndProject
Global
	GlobalSection(SolutionConfigurationPlatforms) = preSolution
		Debug|ARM = Debug|ARM
		Debug|ARM64 = Debug|ARM64
		Debug|x64 = Debug|x64
		Debug|x86 = Debug|x86
		Release|ARM = Release|ARM
		Release|ARM64 = Release|ARM64
		Release|x64 = Release|x64
		Release|x86 = Release|x86
	EndGlobalSection
	GlobalSection(ProjectConfigurationPlatforms) = postSolution
		{D5A4F7C5-E318-4188-9611-90F0CFC4A1CF}.Debug|ARM.ActiveCfg = Debug|ARM
		{D5A4F7C5-E318-4188-9611-90F0CFC4A1CF}.Debug|ARM.Build.0 = Debug|ARM
		{D5A4F7C5-E318-4188-9611-90F0CFC4A1CF}.Debug|ARM.Deploy.0 = Debug|ARM
		{D5A4F7C5-E318-4188-9611-90F0CFC4A1CF}.Debug|ARM64.ActiveCfg = Debug|ARM64
		{D5A4F7C5-E318-4188-9611-90F0CFC4A1CF}.Debug|ARM64.Build.0 = Debug|ARM64
		{D5A4F7C5-E318-4188-9611-90F0CFC4A1CF}.Debug|ARM64.Deploy.0 = Debug|ARM64
		{D5A4F7C5-E318-4188-9611-90F0CFC4A1CF}.Debug|x64.ActiveCfg = Debug|x64
		{D5A4F7C5-E318-4188-9611-90F0CFC4A1CF}.Debug|x64.Build.0 = Debug|x64
		{D5A4F7C5-E318-4188-9611-90F0CFC4A1CF}.Debug|x64.Deploy.0 = Debug|x64
		{D5A4F7C5-E318-4188-9611-90F0CFC4A1CF}.Debug|x86.ActiveCfg = Debug|Win32
		{D5A4F7C5-E318-4188-9611-90F0CFC4A1CF}.Debug|x86.Build.0 = Debug|Win32
		{D5A4F7C5-E318-4188-9611-90F0CFC4A1CF}.Debug|x86.Deploy.0 = Debug|Win32
		{D5A4F7C5-E318-4188-9611-90F0CFC4A1CF}.Release|ARM.ActiveCfg = Release|ARM
		{D5A4F7C5-E318-4188-9611-90F0CFC4A1CF}.Release|ARM.Build.0 = Release|ARM
		{D5A4F7C5-E318-4188-9611-90F0CFC4A1CF}.Release|ARM.Deploy.0 = Release|ARM
		{D5A4F7C5-E318-4188-9611-90F0CFC4A1CF}.Release|ARM64.ActiveCfg = Release|ARM64
		{D5A4F7C5-E318-4188-9611-90F0CFC4A1CF}.Release|ARM64.Build.0 = Release|ARM64
		{D5A4F7C5-E318-4188-9611-90F0CFC4A1CF}.Release|ARM64.Deploy.0 = Release|ARM64
		{D5A4F7C5-E318-4188-9611-90F0CFC4A1CF}.Release|x64.ActiveCfg = Release|x64
		{D5A4F7C5-E318-4188-9611-90F0CFC4A1CF}.Release|x64.Build.0 = Release|x64
		{D5A4F7C5-E318-4188-9611-90F0CFC4A1CF}.Release|x64.Deploy.0 = Release|x64
		{D5A4F7C5-E318-4188-9611-90F0CFC4A1CF}.Release|x86.ActiveCfg = Release|Win32
		{D5A4F7C5-E318-4188-9611-90F0CFC4A1CF}.Release|x86.Build.0 = Release|Win32
		{D5A4F7C5-E318-4188-9611-90F0CFC4A1CF}.Release|x86.Deploy.0 = Release|Win32
	EndGlobalSection
	GlobalSection(SolutionProperties) = preSolution
		HideSolutionNode = FALSE
	EndGlobalSection
	GlobalSection(ExtensibilityGlobals) = postSolution
		SolutionGuid = {3B955011-5B92-456F-9FDC-C37982819EDA}
	EndGlobalSection
EndGlobal
